
Microsoft Visual Studio Solution File, Format Version 12.00
# Visual Studio Version 17
VisualStudioVersion = 17.0.31903.59
MinimumVisualStudioVersion = 10.0.40219.1
Project("{2150E333-8FDC-42A3-9474-1A3956D46DE8}") = "src", "src", "{118A690B-A0F5-4AF8-8F42-18461F17E620}"
EndProject
Project("{2150E333-8FDC-42A3-9474-1A3956D46DE8}") = "tests", "tests", "{F4BAD1D3-857F-49F3-B1FF-85305E3D5FE2}"
EndProject
Project("{2150E333-8FDC-42A3-9474-1A3956D46DE8}") = "Adapters", "Adapters", "{101CB1C8-D5AB-4539-98D9-11A3BE99D40B}"
EndProject
Project("{2150E333-8FDC-42A3-9474-1A3956D46DE8}") = "Core", "Core", "{29D2BEC5-3DFE-4DF2-8D02-DA1A93690016}"
EndProject
Project("{2150E333-8FDC-42A3-9474-1A3956D46DE8}") = "Unit", "Unit", "{38DAF487-420C-4571-B30C-77D6233B524B}"
EndProject
Project("{2150E333-8FDC-42A3-9474-1A3956D46DE8}") = "Integration", "Integration", "{2E165FB0-AED4-4530-A301-50A978FF17ED}"
EndProject
Project("{FAE04EC0-301F-11D3-BF4B-00C04F79EFBC}") = "AudioProcessing.IntegrationTests", "tests\Integration\AudioProcessing.IntegrationTests\AudioProcessing.IntegrationTests.csproj", "{79AECC2F-C4FD-492A-A335-7A66B77411CB}"
EndProject
Project("{FAE04EC0-301F-11D3-BF4B-00C04F79EFBC}") = "Cache.IntegrationTests", "tests\Integration\Cache.IntegrationTests\Cache.IntegrationTests.csproj", "{A0FDBE1B-A012-425D-9BAA-DB1EF1B02ED3}"
EndProject
Project("{FAE04EC0-301F-11D3-BF4B-00C04F79EFBC}") = "Telemetry.IntegrationTests", "tests\Integration\Telemetry.IntegrationTests\Telemetry.IntegrationTests.csproj", "{80743A64-3FED-45FF-84A2-A6B6747C61CC}"
EndProject
Project("{FAE04EC0-301F-11D3-BF4B-00C04F79EFBC}") = "VectorStore.IntegrationTests", "tests\Integration\VectorStore.IntegrationTests\VectorStore.IntegrationTests.csproj", "{49E4331D-BB02-4213-A84B-AB2DE1C9F008}"
EndProject
Project("{FAE04EC0-301F-11D3-BF4B-00C04F79EFBC}") = "WebApi.IntegrationTests", "tests\Integration\WebApi.IntegrationTests\WebApi.IntegrationTests.csproj", "{5E92278C-0CE6-4EAE-B0C9-227EEFA2F36F}"
EndProject
Project("{2150E333-8FDC-42A3-9474-1A3956D46DE8}") = "Adapters", "Adapters", "{0E9E1940-0B2C-4A25-BCC2-BE1044505E34}"
EndProject
Project("{2150E333-8FDC-42A3-9474-1A3956D46DE8}") = "Core", "Core", "{2BF17E94-FAAC-481C-ADC6-3568F7197260}"
EndProject
Project("{FAE04EC0-301F-11D3-BF4B-00C04F79EFBC}") = "Infrastructure.Tests", "tests\Unit\Adapters\Infrastructure.Tests\Infrastructure.Tests.csproj", "{FC1407DD-C223-45BE-A87B-702FAB70985E}"
EndProject
Project("{FAE04EC0-301F-11D3-BF4B-00C04F79EFBC}") = "WebApi.Tests", "tests\Unit\Adapters\WebApi.Tests\WebApi.Tests.csproj", "{A306DA0E-F8CA-422E-871E-7CB0B0376FC6}"
EndProject
Project("{FAE04EC0-301F-11D3-BF4B-00C04F79EFBC}") = "Application.Tests", "tests\Unit\Core\Application.Tests\Application.Tests.csproj", "{BAA6D716-A6ED-47BA-9450-CC8698950641}"
EndProject
Project("{FAE04EC0-301F-11D3-BF4B-00C04F79EFBC}") = "Domain.Tests", "tests\Unit\Core\Domain.Tests\Domain.Tests.csproj", "{B4C044FB-3EEB-4945-80F7-38A66076ED1C}"
EndProject
Project("{FAE04EC0-301F-11D3-BF4B-00C04F79EFBC}") = "Infrastructure", "src\Adapters\Infrastructure\Infrastructure.csproj", "{86CBF4CD-21A6-485A-9933-D33728356F22}"
EndProject
Project("{FAE04EC0-301F-11D3-BF4B-00C04F79EFBC}") = "WebApi", "src\Adapters\WebApi\WebApi.csproj", "{2819ACD7-7ECD-4666-89DD-91EC648F3214}"
EndProject
Project("{FAE04EC0-301F-11D3-BF4B-00C04F79EFBC}") = "AudioProcessing", "src\Adapters\Workers\AudioProcessing\AudioProcessing.csproj", "{016F38EE-CA6C-472F-9E14-16660FC8ECB3}"
EndProject
Project("{FAE04EC0-301F-11D3-BF4B-00C04F79EFBC}") = "SpreadsheetCLI", "src\Adapters\CLI\SpreadsheetCLI\SpreadsheetCLI.csproj", "{E8A6F7C1-2B4D-4F3E-9A2C-8D7E6F5A3B9D}"
EndProject
Project("{FAE04EC0-301F-11D3-BF4B-00C04F79EFBC}") = "Application", "src\Core\Application\Application.csproj", "{AF4F43DF-73FC-4DF5-8D5A-D64AC3AC01F4}"
EndProject
Project("{FAE04EC0-301F-11D3-BF4B-00C04F79EFBC}") = "Domain", "src\Core\Domain\Domain.csproj", "{2B81818E-2AED-421D-9CCE-8D9E0271FD28}"
EndProject
Project("{2150E333-8FDC-42A3-9474-1A3956D46DE8}") = "Workers", "Workers", "{88C32CE7-FD36-4528-A8BD-EB847786D503}"
EndProject
Project("{FAE04EC0-301F-11D3-BF4B-00C04F79EFBC}") = "Spreadsheet.IntegrationTests", "tests\Integration\Spreadsheet.IntegrationTests\Spreadsheet.IntegrationTests.csproj", "{7AD17878-C108-49D0-80F1-8D43F7205991}"
EndProject
Project("{FAE04EC0-301F-11D3-BF4B-00C04F79EFBC}") = "SpreadsheetCLI.IntegrationTests", "tests\Integration\SpreadsheetCLI.IntegrationTests\SpreadsheetCLI.IntegrationTests.csproj", "{B8D2F9E3-4A5C-6D7E-8F9A-1B3C5E7D9A2F}"
EndProject
Project("{FAE04EC0-301F-11D3-BF4B-00C04F79EFBC}") = "CreditSystem.IntegrationTests", "tests\Integration\CreditSystem.IntegrationTests\CreditSystem.IntegrationTests.csproj", "{4A1CCDA4-3F1A-4328-A082-A155553DFF6C}"
EndProject
Global
	GlobalSection(SolutionConfigurationPlatforms) = preSolution
		Debug|Any CPU = Debug|Any CPU
		Debug|x64 = Debug|x64
		Debug|x86 = Debug|x86
		Release|Any CPU = Release|Any CPU
		Release|x64 = Release|x64
		Release|x86 = Release|x86
	EndGlobalSection
	GlobalSection(ProjectConfigurationPlatforms) = postSolution
		{79AECC2F-C4FD-492A-A335-7A66B77411CB}.Debug|Any CPU.ActiveCfg = Debug|Any CPU
		{79AECC2F-C4FD-492A-A335-7A66B77411CB}.Debug|Any CPU.Build.0 = Debug|Any CPU
		{79AECC2F-C4FD-492A-A335-7A66B77411CB}.Debug|x64.ActiveCfg = Debug|Any CPU
		{79AECC2F-C4FD-492A-A335-7A66B77411CB}.Debug|x64.Build.0 = Debug|Any CPU
		{79AECC2F-C4FD-492A-A335-7A66B77411CB}.Debug|x86.ActiveCfg = Debug|Any CPU
		{79AECC2F-C4FD-492A-A335-7A66B77411CB}.Debug|x86.Build.0 = Debug|Any CPU
		{79AECC2F-C4FD-492A-A335-7A66B77411CB}.Release|Any CPU.ActiveCfg = Release|Any CPU
		{79AECC2F-C4FD-492A-A335-7A66B77411CB}.Release|Any CPU.Build.0 = Release|Any CPU
		{79AECC2F-C4FD-492A-A335-7A66B77411CB}.Release|x64.ActiveCfg = Release|Any CPU
		{79AECC2F-C4FD-492A-A335-7A66B77411CB}.Release|x64.Build.0 = Release|Any CPU
		{79AECC2F-C4FD-492A-A335-7A66B77411CB}.Release|x86.ActiveCfg = Release|Any CPU
		{79AECC2F-C4FD-492A-A335-7A66B77411CB}.Release|x86.Build.0 = Release|Any CPU
		{A0FDBE1B-A012-425D-9BAA-DB1EF1B02ED3}.Debug|Any CPU.ActiveCfg = Debug|Any CPU
		{A0FDBE1B-A012-425D-9BAA-DB1EF1B02ED3}.Debug|Any CPU.Build.0 = Debug|Any CPU
		{A0FDBE1B-A012-425D-9BAA-DB1EF1B02ED3}.Debug|x64.ActiveCfg = Debug|Any CPU
		{A0FDBE1B-A012-425D-9BAA-DB1EF1B02ED3}.Debug|x64.Build.0 = Debug|Any CPU
		{A0FDBE1B-A012-425D-9BAA-DB1EF1B02ED3}.Debug|x86.ActiveCfg = Debug|Any CPU
		{A0FDBE1B-A012-425D-9BAA-DB1EF1B02ED3}.Debug|x86.Build.0 = Debug|Any CPU
		{A0FDBE1B-A012-425D-9BAA-DB1EF1B02ED3}.Release|Any CPU.ActiveCfg = Release|Any CPU
		{A0FDBE1B-A012-425D-9BAA-DB1EF1B02ED3}.Release|Any CPU.Build.0 = Release|Any CPU
		{A0FDBE1B-A012-425D-9BAA-DB1EF1B02ED3}.Release|x64.ActiveCfg = Release|Any CPU
		{A0FDBE1B-A012-425D-9BAA-DB1EF1B02ED3}.Release|x64.Build.0 = Release|Any CPU
		{A0FDBE1B-A012-425D-9BAA-DB1EF1B02ED3}.Release|x86.ActiveCfg = Release|Any CPU
		{A0FDBE1B-A012-425D-9BAA-DB1EF1B02ED3}.Release|x86.Build.0 = Release|Any CPU
		{80743A64-3FED-45FF-84A2-A6B6747C61CC}.Debug|Any CPU.ActiveCfg = Debug|Any CPU
		{80743A64-3FED-45FF-84A2-A6B6747C61CC}.Debug|Any CPU.Build.0 = Debug|Any CPU
		{80743A64-3FED-45FF-84A2-A6B6747C61CC}.Debug|x64.ActiveCfg = Debug|Any CPU
		{80743A64-3FED-45FF-84A2-A6B6747C61CC}.Debug|x64.Build.0 = Debug|Any CPU
		{80743A64-3FED-45FF-84A2-A6B6747C61CC}.Debug|x86.ActiveCfg = Debug|Any CPU
		{80743A64-3FED-45FF-84A2-A6B6747C61CC}.Debug|x86.Build.0 = Debug|Any CPU
		{80743A64-3FED-45FF-84A2-A6B6747C61CC}.Release|Any CPU.ActiveCfg = Release|Any CPU
		{80743A64-3FED-45FF-84A2-A6B6747C61CC}.Release|Any CPU.Build.0 = Release|Any CPU
		{80743A64-3FED-45FF-84A2-A6B6747C61CC}.Release|x64.ActiveCfg = Release|Any CPU
		{80743A64-3FED-45FF-84A2-A6B6747C61CC}.Release|x64.Build.0 = Release|Any CPU
		{80743A64-3FED-45FF-84A2-A6B6747C61CC}.Release|x86.ActiveCfg = Release|Any CPU
		{80743A64-3FED-45FF-84A2-A6B6747C61CC}.Release|x86.Build.0 = Release|Any CPU
		{49E4331D-BB02-4213-A84B-AB2DE1C9F008}.Debug|Any CPU.ActiveCfg = Debug|Any CPU
		{49E4331D-BB02-4213-A84B-AB2DE1C9F008}.Debug|Any CPU.Build.0 = Debug|Any CPU
		{49E4331D-BB02-4213-A84B-AB2DE1C9F008}.Debug|x64.ActiveCfg = Debug|Any CPU
		{49E4331D-BB02-4213-A84B-AB2DE1C9F008}.Debug|x64.Build.0 = Debug|Any CPU
		{49E4331D-BB02-4213-A84B-AB2DE1C9F008}.Debug|x86.ActiveCfg = Debug|Any CPU
		{49E4331D-BB02-4213-A84B-AB2DE1C9F008}.Debug|x86.Build.0 = Debug|Any CPU
		{49E4331D-BB02-4213-A84B-AB2DE1C9F008}.Release|Any CPU.ActiveCfg = Release|Any CPU
		{49E4331D-BB02-4213-A84B-AB2DE1C9F008}.Release|Any CPU.Build.0 = Release|Any CPU
		{49E4331D-BB02-4213-A84B-AB2DE1C9F008}.Release|x64.ActiveCfg = Release|Any CPU
		{49E4331D-BB02-4213-A84B-AB2DE1C9F008}.Release|x64.Build.0 = Release|Any CPU
		{49E4331D-BB02-4213-A84B-AB2DE1C9F008}.Release|x86.ActiveCfg = Release|Any CPU
		{49E4331D-BB02-4213-A84B-AB2DE1C9F008}.Release|x86.Build.0 = Release|Any CPU
		{5E92278C-0CE6-4EAE-B0C9-227EEFA2F36F}.Debug|Any CPU.ActiveCfg = Debug|Any CPU
		{5E92278C-0CE6-4EAE-B0C9-227EEFA2F36F}.Debug|Any CPU.Build.0 = Debug|Any CPU
		{5E92278C-0CE6-4EAE-B0C9-227EEFA2F36F}.Debug|x64.ActiveCfg = Debug|Any CPU
		{5E92278C-0CE6-4EAE-B0C9-227EEFA2F36F}.Debug|x64.Build.0 = Debug|Any CPU
		{5E92278C-0CE6-4EAE-B0C9-227EEFA2F36F}.Debug|x86.ActiveCfg = Debug|Any CPU
		{5E92278C-0CE6-4EAE-B0C9-227EEFA2F36F}.Debug|x86.Build.0 = Debug|Any CPU
		{5E92278C-0CE6-4EAE-B0C9-227EEFA2F36F}.Release|Any CPU.ActiveCfg = Release|Any CPU
		{5E92278C-0CE6-4EAE-B0C9-227EEFA2F36F}.Release|Any CPU.Build.0 = Release|Any CPU
		{5E92278C-0CE6-4EAE-B0C9-227EEFA2F36F}.Release|x64.ActiveCfg = Release|Any CPU
		{5E92278C-0CE6-4EAE-B0C9-227EEFA2F36F}.Release|x64.Build.0 = Release|Any CPU
		{5E92278C-0CE6-4EAE-B0C9-227EEFA2F36F}.Release|x86.ActiveCfg = Release|Any CPU
		{5E92278C-0CE6-4EAE-B0C9-227EEFA2F36F}.Release|x86.Build.0 = Release|Any CPU
		{FC1407DD-C223-45BE-A87B-702FAB70985E}.Debug|Any CPU.ActiveCfg = Debug|Any CPU
		{FC1407DD-C223-45BE-A87B-702FAB70985E}.Debug|Any CPU.Build.0 = Debug|Any CPU
		{FC1407DD-C223-45BE-A87B-702FAB70985E}.Debug|x64.ActiveCfg = Debug|Any CPU
		{FC1407DD-C223-45BE-A87B-702FAB70985E}.Debug|x64.Build.0 = Debug|Any CPU
		{FC1407DD-C223-45BE-A87B-702FAB70985E}.Debug|x86.ActiveCfg = Debug|Any CPU
		{FC1407DD-C223-45BE-A87B-702FAB70985E}.Debug|x86.Build.0 = Debug|Any CPU
		{FC1407DD-C223-45BE-A87B-702FAB70985E}.Release|Any CPU.ActiveCfg = Release|Any CPU
		{FC1407DD-C223-45BE-A87B-702FAB70985E}.Release|Any CPU.Build.0 = Release|Any CPU
		{FC1407DD-C223-45BE-A87B-702FAB70985E}.Release|x64.ActiveCfg = Release|Any CPU
		{FC1407DD-C223-45BE-A87B-702FAB70985E}.Release|x64.Build.0 = Release|Any CPU
		{FC1407DD-C223-45BE-A87B-702FAB70985E}.Release|x86.ActiveCfg = Release|Any CPU
		{FC1407DD-C223-45BE-A87B-702FAB70985E}.Release|x86.Build.0 = Release|Any CPU
		{A306DA0E-F8CA-422E-871E-7CB0B0376FC6}.Debug|Any CPU.ActiveCfg = Debug|Any CPU
		{A306DA0E-F8CA-422E-871E-7CB0B0376FC6}.Debug|Any CPU.Build.0 = Debug|Any CPU
		{A306DA0E-F8CA-422E-871E-7CB0B0376FC6}.Debug|x64.ActiveCfg = Debug|Any CPU
		{A306DA0E-F8CA-422E-871E-7CB0B0376FC6}.Debug|x64.Build.0 = Debug|Any CPU
		{A306DA0E-F8CA-422E-871E-7CB0B0376FC6}.Debug|x86.ActiveCfg = Debug|Any CPU
		{A306DA0E-F8CA-422E-871E-7CB0B0376FC6}.Debug|x86.Build.0 = Debug|Any CPU
		{A306DA0E-F8CA-422E-871E-7CB0B0376FC6}.Release|Any CPU.ActiveCfg = Release|Any CPU
		{A306DA0E-F8CA-422E-871E-7CB0B0376FC6}.Release|Any CPU.Build.0 = Release|Any CPU
		{A306DA0E-F8CA-422E-871E-7CB0B0376FC6}.Release|x64.ActiveCfg = Release|Any CPU
		{A306DA0E-F8CA-422E-871E-7CB0B0376FC6}.Release|x64.Build.0 = Release|Any CPU
		{A306DA0E-F8CA-422E-871E-7CB0B0376FC6}.Release|x86.ActiveCfg = Release|Any CPU
		{A306DA0E-F8CA-422E-871E-7CB0B0376FC6}.Release|x86.Build.0 = Release|Any CPU
		{BAA6D716-A6ED-47BA-9450-CC8698950641}.Debug|Any CPU.ActiveCfg = Debug|Any CPU
		{BAA6D716-A6ED-47BA-9450-CC8698950641}.Debug|Any CPU.Build.0 = Debug|Any CPU
		{BAA6D716-A6ED-47BA-9450-CC8698950641}.Debug|x64.ActiveCfg = Debug|Any CPU
		{BAA6D716-A6ED-47BA-9450-CC8698950641}.Debug|x64.Build.0 = Debug|Any CPU
		{BAA6D716-A6ED-47BA-9450-CC8698950641}.Debug|x86.ActiveCfg = Debug|Any CPU
		{BAA6D716-A6ED-47BA-9450-CC8698950641}.Debug|x86.Build.0 = Debug|Any CPU
		{BAA6D716-A6ED-47BA-9450-CC8698950641}.Release|Any CPU.ActiveCfg = Release|Any CPU
		{BAA6D716-A6ED-47BA-9450-CC8698950641}.Release|Any CPU.Build.0 = Release|Any CPU
		{BAA6D716-A6ED-47BA-9450-CC8698950641}.Release|x64.ActiveCfg = Release|Any CPU
		{BAA6D716-A6ED-47BA-9450-CC8698950641}.Release|x64.Build.0 = Release|Any CPU
		{BAA6D716-A6ED-47BA-9450-CC8698950641}.Release|x86.ActiveCfg = Release|Any CPU
		{BAA6D716-A6ED-47BA-9450-CC8698950641}.Release|x86.Build.0 = Release|Any CPU
		{B4C044FB-3EEB-4945-80F7-38A66076ED1C}.Debug|Any CPU.ActiveCfg = Debug|Any CPU
		{B4C044FB-3EEB-4945-80F7-38A66076ED1C}.Debug|Any CPU.Build.0 = Debug|Any CPU
		{B4C044FB-3EEB-4945-80F7-38A66076ED1C}.Debug|x64.ActiveCfg = Debug|Any CPU
		{B4C044FB-3EEB-4945-80F7-38A66076ED1C}.Debug|x64.Build.0 = Debug|Any CPU
		{B4C044FB-3EEB-4945-80F7-38A66076ED1C}.Debug|x86.ActiveCfg = Debug|Any CPU
		{B4C044FB-3EEB-4945-80F7-38A66076ED1C}.Debug|x86.Build.0 = Debug|Any CPU
		{B4C044FB-3EEB-4945-80F7-38A66076ED1C}.Release|Any CPU.ActiveCfg = Release|Any CPU
		{B4C044FB-3EEB-4945-80F7-38A66076ED1C}.Release|Any CPU.Build.0 = Release|Any CPU
		{B4C044FB-3EEB-4945-80F7-38A66076ED1C}.Release|x64.ActiveCfg = Release|Any CPU
		{B4C044FB-3EEB-4945-80F7-38A66076ED1C}.Release|x64.Build.0 = Release|Any CPU
		{B4C044FB-3EEB-4945-80F7-38A66076ED1C}.Release|x86.ActiveCfg = Release|Any CPU
		{B4C044FB-3EEB-4945-80F7-38A66076ED1C}.Release|x86.Build.0 = Release|Any CPU
		{86CBF4CD-21A6-485A-9933-D33728356F22}.Debug|Any CPU.ActiveCfg = Debug|Any CPU
		{86CBF4CD-21A6-485A-9933-D33728356F22}.Debug|Any CPU.Build.0 = Debug|Any CPU
		{86CBF4CD-21A6-485A-9933-D33728356F22}.Debug|x64.ActiveCfg = Debug|Any CPU
		{86CBF4CD-21A6-485A-9933-D33728356F22}.Debug|x64.Build.0 = Debug|Any CPU
		{86CBF4CD-21A6-485A-9933-D33728356F22}.Debug|x86.ActiveCfg = Debug|Any CPU
		{86CBF4CD-21A6-485A-9933-D33728356F22}.Debug|x86.Build.0 = Debug|Any CPU
		{86CBF4CD-21A6-485A-9933-D33728356F22}.Release|Any CPU.ActiveCfg = Release|Any CPU
		{86CBF4CD-21A6-485A-9933-D33728356F22}.Release|Any CPU.Build.0 = Release|Any CPU
		{86CBF4CD-21A6-485A-9933-D33728356F22}.Release|x64.ActiveCfg = Release|Any CPU
		{86CBF4CD-21A6-485A-9933-D33728356F22}.Release|x64.Build.0 = Release|Any CPU
		{86CBF4CD-21A6-485A-9933-D33728356F22}.Release|x86.ActiveCfg = Release|Any CPU
		{86CBF4CD-21A6-485A-9933-D33728356F22}.Release|x86.Build.0 = Release|Any CPU
		{2819ACD7-7ECD-4666-89DD-91EC648F3214}.Debug|Any CPU.ActiveCfg = Debug|Any CPU
		{2819ACD7-7ECD-4666-89DD-91EC648F3214}.Debug|Any CPU.Build.0 = Debug|Any CPU
		{2819ACD7-7ECD-4666-89DD-91EC648F3214}.Debug|x64.ActiveCfg = Debug|Any CPU
		{2819ACD7-7ECD-4666-89DD-91EC648F3214}.Debug|x64.Build.0 = Debug|Any CPU
		{2819ACD7-7ECD-4666-89DD-91EC648F3214}.Debug|x86.ActiveCfg = Debug|Any CPU
		{2819ACD7-7ECD-4666-89DD-91EC648F3214}.Debug|x86.Build.0 = Debug|Any CPU
		{2819ACD7-7ECD-4666-89DD-91EC648F3214}.Release|Any CPU.ActiveCfg = Release|Any CPU
		{2819ACD7-7ECD-4666-89DD-91EC648F3214}.Release|Any CPU.Build.0 = Release|Any CPU
		{2819ACD7-7ECD-4666-89DD-91EC648F3214}.Release|x64.ActiveCfg = Release|Any CPU
		{2819ACD7-7ECD-4666-89DD-91EC648F3214}.Release|x64.Build.0 = Release|Any CPU
		{2819ACD7-7ECD-4666-89DD-91EC648F3214}.Release|x86.ActiveCfg = Release|Any CPU
		{2819ACD7-7ECD-4666-89DD-91EC648F3214}.Release|x86.Build.0 = Release|Any CPU
		{016F38EE-CA6C-472F-9E14-16660FC8ECB3}.Debug|Any CPU.ActiveCfg = Debug|Any CPU
		{016F38EE-CA6C-472F-9E14-16660FC8ECB3}.Debug|Any CPU.Build.0 = Debug|Any CPU
		{016F38EE-CA6C-472F-9E14-16660FC8ECB3}.Debug|x64.ActiveCfg = Debug|Any CPU
		{016F38EE-CA6C-472F-9E14-16660FC8ECB3}.Debug|x64.Build.0 = Debug|Any CPU
		{016F38EE-CA6C-472F-9E14-16660FC8ECB3}.Debug|x86.ActiveCfg = Debug|Any CPU
		{016F38EE-CA6C-472F-9E14-16660FC8ECB3}.Debug|x86.Build.0 = Debug|Any CPU
		{016F38EE-CA6C-472F-9E14-16660FC8ECB3}.Release|Any CPU.ActiveCfg = Release|Any CPU
		{016F38EE-CA6C-472F-9E14-16660FC8ECB3}.Release|Any CPU.Build.0 = Release|Any CPU
		{016F38EE-CA6C-472F-9E14-16660FC8ECB3}.Release|x64.ActiveCfg = Release|Any CPU
		{016F38EE-CA6C-472F-9E14-16660FC8ECB3}.Release|x64.Build.0 = Release|Any CPU
		{016F38EE-CA6C-472F-9E14-16660FC8ECB3}.Release|x86.ActiveCfg = Release|Any CPU
		{016F38EE-CA6C-472F-9E14-16660FC8ECB3}.Release|x86.Build.0 = Release|Any CPU
		{E8A6F7C1-2B4D-4F3E-9A2C-8D7E6F5A3B9D}.Debug|Any CPU.ActiveCfg = Debug|Any CPU
		{E8A6F7C1-2B4D-4F3E-9A2C-8D7E6F5A3B9D}.Debug|Any CPU.Build.0 = Debug|Any CPU
		{E8A6F7C1-2B4D-4F3E-9A2C-8D7E6F5A3B9D}.Debug|x64.ActiveCfg = Debug|Any CPU
		{E8A6F7C1-2B4D-4F3E-9A2C-8D7E6F5A3B9D}.Debug|x64.Build.0 = Debug|Any CPU
		{E8A6F7C1-2B4D-4F3E-9A2C-8D7E6F5A3B9D}.Debug|x86.ActiveCfg = Debug|Any CPU
		{E8A6F7C1-2B4D-4F3E-9A2C-8D7E6F5A3B9D}.Debug|x86.Build.0 = Debug|Any CPU
		{E8A6F7C1-2B4D-4F3E-9A2C-8D7E6F5A3B9D}.Release|Any CPU.ActiveCfg = Release|Any CPU
		{E8A6F7C1-2B4D-4F3E-9A2C-8D7E6F5A3B9D}.Release|Any CPU.Build.0 = Release|Any CPU
		{E8A6F7C1-2B4D-4F3E-9A2C-8D7E6F5A3B9D}.Release|x64.ActiveCfg = Release|Any CPU
		{E8A6F7C1-2B4D-4F3E-9A2C-8D7E6F5A3B9D}.Release|x64.Build.0 = Release|Any CPU
		{E8A6F7C1-2B4D-4F3E-9A2C-8D7E6F5A3B9D}.Release|x86.ActiveCfg = Release|Any CPU
		{E8A6F7C1-2B4D-4F3E-9A2C-8D7E6F5A3B9D}.Release|x86.Build.0 = Release|Any CPU
		{AF4F43DF-73FC-4DF5-8D5A-D64AC3AC01F4}.Debug|Any CPU.ActiveCfg = Debug|Any CPU
		{AF4F43DF-73FC-4DF5-8D5A-D64AC3AC01F4}.Debug|Any CPU.Build.0 = Debug|Any CPU
		{AF4F43DF-73FC-4DF5-8D5A-D64AC3AC01F4}.Debug|x64.ActiveCfg = Debug|Any CPU
		{AF4F43DF-73FC-4DF5-8D5A-D64AC3AC01F4}.Debug|x64.Build.0 = Debug|Any CPU
		{AF4F43DF-73FC-4DF5-8D5A-D64AC3AC01F4}.Debug|x86.ActiveCfg = Debug|Any CPU
		{AF4F43DF-73FC-4DF5-8D5A-D64AC3AC01F4}.Debug|x86.Build.0 = Debug|Any CPU
		{AF4F43DF-73FC-4DF5-8D5A-D64AC3AC01F4}.Release|Any CPU.ActiveCfg = Release|Any CPU
		{AF4F43DF-73FC-4DF5-8D5A-D64AC3AC01F4}.Release|Any CPU.Build.0 = Release|Any CPU
		{AF4F43DF-73FC-4DF5-8D5A-D64AC3AC01F4}.Release|x64.ActiveCfg = Release|Any CPU
		{AF4F43DF-73FC-4DF5-8D5A-D64AC3AC01F4}.Release|x64.Build.0 = Release|Any CPU
		{AF4F43DF-73FC-4DF5-8D5A-D64AC3AC01F4}.Release|x86.ActiveCfg = Release|Any CPU
		{AF4F43DF-73FC-4DF5-8D5A-D64AC3AC01F4}.Release|x86.Build.0 = Release|Any CPU
		{2B81818E-2AED-421D-9CCE-8D9E0271FD28}.Debug|Any CPU.ActiveCfg = Debug|Any CPU
		{2B81818E-2AED-421D-9CCE-8D9E0271FD28}.Debug|Any CPU.Build.0 = Debug|Any CPU
		{2B81818E-2AED-421D-9CCE-8D9E0271FD28}.Debug|x64.ActiveCfg = Debug|Any CPU
		{2B81818E-2AED-421D-9CCE-8D9E0271FD28}.Debug|x64.Build.0 = Debug|Any CPU
		{2B81818E-2AED-421D-9CCE-8D9E0271FD28}.Debug|x86.ActiveCfg = Debug|Any CPU
		{2B81818E-2AED-421D-9CCE-8D9E0271FD28}.Debug|x86.Build.0 = Debug|Any CPU
		{2B81818E-2AED-421D-9CCE-8D9E0271FD28}.Release|Any CPU.ActiveCfg = Release|Any CPU
		{2B81818E-2AED-421D-9CCE-8D9E0271FD28}.Release|Any CPU.Build.0 = Release|Any CPU
		{2B81818E-2AED-421D-9CCE-8D9E0271FD28}.Release|x64.ActiveCfg = Release|Any CPU
		{2B81818E-2AED-421D-9CCE-8D9E0271FD28}.Release|x64.Build.0 = Release|Any CPU
		{2B81818E-2AED-421D-9CCE-8D9E0271FD28}.Release|x86.ActiveCfg = Release|Any CPU
		{2B81818E-2AED-421D-9CCE-8D9E0271FD28}.Release|x86.Build.0 = Release|Any CPU
		{7AD17878-C108-49D0-80F1-8D43F7205991}.Debug|Any CPU.ActiveCfg = Debug|Any CPU
		{7AD17878-C108-49D0-80F1-8D43F7205991}.Debug|Any CPU.Build.0 = Debug|Any CPU
		{7AD17878-C108-49D0-80F1-8D43F7205991}.Debug|x64.ActiveCfg = Debug|Any CPU
		{7AD17878-C108-49D0-80F1-8D43F7205991}.Debug|x64.Build.0 = Debug|Any CPU
		{7AD17878-C108-49D0-80F1-8D43F7205991}.Debug|x86.ActiveCfg = Debug|Any CPU
		{7AD17878-C108-49D0-80F1-8D43F7205991}.Debug|x86.Build.0 = Debug|Any CPU
		{7AD17878-C108-49D0-80F1-8D43F7205991}.Release|Any CPU.ActiveCfg = Release|Any CPU
		{7AD17878-C108-49D0-80F1-8D43F7205991}.Release|Any CPU.Build.0 = Release|Any CPU
		{7AD17878-C108-49D0-80F1-8D43F7205991}.Release|x64.ActiveCfg = Release|Any CPU
		{7AD17878-C108-49D0-80F1-8D43F7205991}.Release|x64.Build.0 = Release|Any CPU
		{7AD17878-C108-49D0-80F1-8D43F7205991}.Release|x86.ActiveCfg = Release|Any CPU
		{7AD17878-C108-49D0-80F1-8D43F7205991}.Release|x86.Build.0 = Release|Any CPU
		{B8D2F9E3-4A5C-6D7E-8F9A-1B3C5E7D9A2F}.Debug|Any CPU.ActiveCfg = Debug|Any CPU
		{B8D2F9E3-4A5C-6D7E-8F9A-1B3C5E7D9A2F}.Debug|Any CPU.Build.0 = Debug|Any CPU
		{B8D2F9E3-4A5C-6D7E-8F9A-1B3C5E7D9A2F}.Debug|x64.ActiveCfg = Debug|Any CPU
		{B8D2F9E3-4A5C-6D7E-8F9A-1B3C5E7D9A2F}.Debug|x64.Build.0 = Debug|Any CPU
		{B8D2F9E3-4A5C-6D7E-8F9A-1B3C5E7D9A2F}.Debug|x86.ActiveCfg = Debug|Any CPU
		{B8D2F9E3-4A5C-6D7E-8F9A-1B3C5E7D9A2F}.Debug|x86.Build.0 = Debug|Any CPU
		{B8D2F9E3-4A5C-6D7E-8F9A-1B3C5E7D9A2F}.Release|Any CPU.ActiveCfg = Release|Any CPU
		{B8D2F9E3-4A5C-6D7E-8F9A-1B3C5E7D9A2F}.Release|Any CPU.Build.0 = Release|Any CPU
		{B8D2F9E3-4A5C-6D7E-8F9A-1B3C5E7D9A2F}.Release|x64.ActiveCfg = Release|Any CPU
		{B8D2F9E3-4A5C-6D7E-8F9A-1B3C5E7D9A2F}.Release|x64.Build.0 = Release|Any CPU
		{B8D2F9E3-4A5C-6D7E-8F9A-1B3C5E7D9A2F}.Release|x86.ActiveCfg = Release|Any CPU
		{B8D2F9E3-4A5C-6D7E-8F9A-1B3C5E7D9A2F}.Release|x86.Build.0 = Release|Any CPU
		{4A1CCDA4-3F1A-4328-A082-A155553DFF6C}.Debug|Any CPU.ActiveCfg = Debug|Any CPU
		{4A1CCDA4-3F1A-4328-A082-A155553DFF6C}.Debug|Any CPU.Build.0 = Debug|Any CPU
		{4A1CCDA4-3F1A-4328-A082-A155553DFF6C}.Debug|x64.ActiveCfg = Debug|Any CPU
		{4A1CCDA4-3F1A-4328-A082-A155553DFF6C}.Debug|x64.Build.0 = Debug|Any CPU
		{4A1CCDA4-3F1A-4328-A082-A155553DFF6C}.Debug|x86.ActiveCfg = Debug|Any CPU
		{4A1CCDA4-3F1A-4328-A082-A155553DFF6C}.Debug|x86.Build.0 = Debug|Any CPU
		{4A1CCDA4-3F1A-4328-A082-A155553DFF6C}.Release|Any CPU.ActiveCfg = Release|Any CPU
		{4A1CCDA4-3F1A-4328-A082-A155553DFF6C}.Release|Any CPU.Build.0 = Release|Any CPU
		{4A1CCDA4-3F1A-4328-A082-A155553DFF6C}.Release|x64.ActiveCfg = Release|Any CPU
		{4A1CCDA4-3F1A-4328-A082-A155553DFF6C}.Release|x64.Build.0 = Release|Any CPU
		{4A1CCDA4-3F1A-4328-A082-A155553DFF6C}.Release|x86.ActiveCfg = Release|Any CPU
		{4A1CCDA4-3F1A-4328-A082-A155553DFF6C}.Release|x86.Build.0 = Release|Any CPU
	EndGlobalSection
	GlobalSection(SolutionProperties) = preSolution
		HideSolutionNode = FALSE
	EndGlobalSection
	GlobalSection(NestedProjects) = preSolution
		{101CB1C8-D5AB-4539-98D9-11A3BE99D40B} = {118A690B-A0F5-4AF8-8F42-18461F17E620}
		{29D2BEC5-3DFE-4DF2-8D02-DA1A93690016} = {118A690B-A0F5-4AF8-8F42-18461F17E620}
		{38DAF487-420C-4571-B30C-77D6233B524B} = {F4BAD1D3-857F-49F3-B1FF-85305E3D5FE2}
		{2E165FB0-AED4-4530-A301-50A978FF17ED} = {F4BAD1D3-857F-49F3-B1FF-85305E3D5FE2}
		{79AECC2F-C4FD-492A-A335-7A66B77411CB} = {2E165FB0-AED4-4530-A301-50A978FF17ED}
		{A0FDBE1B-A012-425D-9BAA-DB1EF1B02ED3} = {2E165FB0-AED4-4530-A301-50A978FF17ED}
		{80743A64-3FED-45FF-84A2-A6B6747C61CC} = {2E165FB0-AED4-4530-A301-50A978FF17ED}
		{49E4331D-BB02-4213-A84B-AB2DE1C9F008} = {2E165FB0-AED4-4530-A301-50A978FF17ED}
		{5E92278C-0CE6-4EAE-B0C9-227EEFA2F36F} = {2E165FB0-AED4-4530-A301-50A978FF17ED}
		{0E9E1940-0B2C-4A25-BCC2-BE1044505E34} = {38DAF487-420C-4571-B30C-77D6233B524B}
		{2BF17E94-FAAC-481C-ADC6-3568F7197260} = {38DAF487-420C-4571-B30C-77D6233B524B}
		{FC1407DD-C223-45BE-A87B-702FAB70985E} = {0E9E1940-0B2C-4A25-BCC2-BE1044505E34}
		{A306DA0E-F8CA-422E-871E-7CB0B0376FC6} = {0E9E1940-0B2C-4A25-BCC2-BE1044505E34}
		{BAA6D716-A6ED-47BA-9450-CC8698950641} = {2BF17E94-FAAC-481C-ADC6-3568F7197260}
		{B4C044FB-3EEB-4945-80F7-38A66076ED1C} = {2BF17E94-FAAC-481C-ADC6-3568F7197260}
		{86CBF4CD-21A6-485A-9933-D33728356F22} = {101CB1C8-D5AB-4539-98D9-11A3BE99D40B}
		{2819ACD7-7ECD-4666-89DD-91EC648F3214} = {101CB1C8-D5AB-4539-98D9-11A3BE99D40B}
		{E8A6F7C1-2B4D-4F3E-9A2C-8D7E6F5A3B9D} = {101CB1C8-D5AB-4539-98D9-11A3BE99D40B}
		{AF4F43DF-73FC-4DF5-8D5A-D64AC3AC01F4} = {29D2BEC5-3DFE-4DF2-8D02-DA1A93690016}
		{2B81818E-2AED-421D-9CCE-8D9E0271FD28} = {29D2BEC5-3DFE-4DF2-8D02-DA1A93690016}
		{88C32CE7-FD36-4528-A8BD-EB847786D503} = {101CB1C8-D5AB-4539-98D9-11A3BE99D40B}
		{016F38EE-CA6C-472F-9E14-16660FC8ECB3} = {88C32CE7-FD36-4528-A8BD-EB847786D503}
		{7AD17878-C108-49D0-80F1-8D43F7205991} = {2E165FB0-AED4-4530-A301-50A978FF17ED}
		{B8D2F9E3-4A5C-6D7E-8F9A-1B3C5E7D9A2F} = {2E165FB0-AED4-4530-A301-50A978FF17ED}
		{4A1CCDA4-3F1A-4328-A082-A155553DFF6C} = {2E165FB0-AED4-4530-A301-50A978FF17ED}
	EndGlobalSection
	GlobalSection(ExtensibilityGlobals) = postSolution
		SolutionGuid = {22874E16-7362-4FC6-AD46-6CAE29C9DFA8}
	EndGlobalSection
EndGlobal
